
Microsoft Visual Studio Solution File, Format Version 12.00
# Visual Studio 15
VisualStudioVersion = 15.0.26228.4
MinimumVisualStudioVersion = 10.0.40219.1
Project("{2150E333-8FDC-42A3-9474-1A3956D46DE8}") = "src", "src", "{F7A1DD24-C466-4DA4-8034-18EBC21484A7}"
EndProject
Project("{2150E333-8FDC-42A3-9474-1A3956D46DE8}") = "Solution Items", "Solution Items", "{654FE6AA-04F1-4A37-BA36-F7245E498554}"
EndProject
Project("{9A19103F-16F7-4668-BE54-9A1E7A4F7556}") = "VisualStudioStarter", "src\VisualStudioStarter\VisualStudioStarter.csproj", "{1625CC63-80FA-46C5-A01C-45826BAB98A9}"
EndProject
Global
	GlobalSection(SolutionConfigurationPlatforms) = preSolution
		Debug|Any CPU = Debug|Any CPU
		Release|Any CPU = Release|Any CPU
	EndGlobalSection
	GlobalSection(ProjectConfigurationPlatforms) = postSolution
		{1625CC63-80FA-46C5-A01C-45826BAB98A9}.Debug|Any CPU.ActiveCfg = Debug|Any CPU
		{1625CC63-80FA-46C5-A01C-45826BAB98A9}.Debug|Any CPU.Build.0 = Debug|Any CPU
		{1625CC63-80FA-46C5-A01C-45826BAB98A9}.Release|Any CPU.ActiveCfg = Release|Any CPU
		{1625CC63-80FA-46C5-A01C-45826BAB98A9}.Release|Any CPU.Build.0 = Release|Any CPU
	EndGlobalSection
	GlobalSection(SolutionProperties) = preSolution
		HideSolutionNode = FALSE
	EndGlobalSection
	GlobalSection(NestedProjects) = preSolution
		{1625CC63-80FA-46C5-A01C-45826BAB98A9} = {F7A1DD24-C466-4DA4-8034-18EBC21484A7}
	EndGlobalSection
EndGlobal
